
Microsoft Visual Studio Solution File, Format Version 12.00
# Visual Studio Version 16
VisualStudioVersion = 16.0.31205.134
MinimumVisualStudioVersion = 10.0.40219.1
Project("{FAE04EC0-301F-11D3-BF4B-00C04F79EFBC}") = "Compilter", "Compilter\Compilter.csproj", "{07F850AB-1C64-4187-9E99-9D5781E6946A}"
EndProject
Global
	GlobalSection(SolutionConfigurationPlatforms) = preSolution
		Debug|Any CPU = Debug|Any CPU
		Release|Any CPU = Release|Any CPU
	EndGlobalSection
	GlobalSection(ProjectConfigurationPlatforms) = postSolution
		{07F850AB-1C64-4187-9E99-9D5781E6946A}.Debug|Any CPU.ActiveCfg = Debug|Any CPU
		{07F850AB-1C64-4187-9E99-9D5781E6946A}.Debug|Any CPU.Build.0 = Debug|Any CPU
		{07F850AB-1C64-4187-9E99-9D5781E6946A}.Release|Any CPU.ActiveCfg = Release|Any CPU
		{07F850AB-1C64-4187-9E99-9D5781E6946A}.Release|Any CPU.Build.0 = Release|Any CPU
	EndGlobalSection
	GlobalSection(SolutionProperties) = preSolution
		HideSolutionNode = FALSE
	EndGlobalSection
	GlobalSection(ExtensibilityGlobals) = postSolution
		SolutionGuid = {4119B54D-909F-4D67-A7C0-AB9074F5EE0A}
	EndGlobalSection
EndGlobal
